<?xml version="1.0" encoding="utf-8"?>
<Project ToolsVersion="4.0" xmlns="http://schemas.microsoft.com/developer/msbuild/2003">
  <ItemGroup>
    <Filter Include="Source Files">
      <UniqueIdentifier>{4FC737F1-C7A5-4376-A066-2A32D752A2FF}</UniqueIdentifier>
      <Extensions>cpp;c;cc;cxx;def;odl;idl;hpj;bat;asm;asmx</Extensions>
    </Filter>
    <Filter Include="Header Files">
      <UniqueIdentifier>{93995380-89BD-4b04-88EB-625FBE52EBFB}</UniqueIdentifier>
      <Extensions>h;hh;hpp;hxx;hm;inl;inc;xsd</Extensions>
    </Filter>
    <Filter Include="Resource Files">
      <UniqueIdentifier>{67DA6AB6-F800-4c08-8B7A-83BB121AAD01}</UniqueIdentifier>
      <Extensions>rc;ico;cur;bmp;dlg;rc2;rct;bin;rgs;gif;jpg;jpeg;jpe;resx;tiff;tif;png;wav;mfcribbon-ms</Extensions>
    </Filter>
    <Filter Include="Header Files\RenderWare">
      <UniqueIdentifier>{20ba0a04-7093-4520-9b19-f56a663644a5}</UniqueIdentifier>
    </Filter>
    <Filter Include="Header Files\Other">
      <UniqueIdentifier>{479a18ac-f0cc-459e-83f5-5e59165d1c9c}</UniqueIdentifier>
    </Filter>
    <Filter Include="Source Files\RenderWare">
      <UniqueIdentifier>{23bdc151-4d1b-4250-b52e-98535ab50a50}</UniqueIdentifier>
    </Filter>
    <Filter Include="Header Files\RWDEngine">
      <UniqueIdentifier>{acd061f7-e132-4c4a-9ec0-8f65aa37209c}</UniqueIdentifier>
    </Filter>
    <Filter Include="Source Files\RWDEngine">
      <UniqueIdentifier>{5c5184f2-bc4b-45c6-81a1-b539aa14196e}</UniqueIdentifier>
    </Filter>
    <Filter Include="Shaders">
      <UniqueIdentifier>{86027af3-3703-4258-b32a-63fdfa2d80c6}</UniqueIdentifier>
    </Filter>
  </ItemGroup>
  <ItemGroup>
    <Text Include="ReadMe.txt" />
  </ItemGroup>
  <ItemGroup>
    <ClInclude Include="stdafx.h">
      <Filter>Header Files</Filter>
    </ClInclude>
    <ClInclude Include="targetver.h">
      <Filter>Header Files</Filter>
    </ClInclude>
    <ClInclude Include="rw_dff.h">
      <Filter>Header Files\RenderWare</Filter>
    </ClInclude>
    <ClInclude Include="rw_utils.h">
      <Filter>Header Files\RenderWare</Filter>
    </ClInclude>
    <ClInclude Include="ConsoleColors.h">
      <Filter>Header Files\Other</Filter>
    </ClInclude>
    <ClInclude Include="rw_dff_structure.h">
      <Filter>Header Files\RenderWare</Filter>
    </ClInclude>
    <ClInclude Include="rw_file.h">
      <Filter>Header Files\RenderWare</Filter>
    </ClInclude>
    <ClInclude Include="rw_types.h">
      <Filter>Header Files\RenderWare</Filter>
    </ClInclude>
    <ClInclude Include="rw_core.h">
      <Filter>Header Files\RenderWare</Filter>
    </ClInclude>
    <ClInclude Include="basic_types.h">
      <Filter>Header Files\RenderWare</Filter>
    </ClInclude>
    <ClInclude Include="rwde_window.h">
      <Filter>Header Files\RWDEngine</Filter>
    </ClInclude>
    <ClInclude Include="rwde_mesh.h">
      <Filter>Header Files\RWDEngine</Filter>
    </ClInclude>
    <ClInclude Include="rwde_camera.h">
      <Filter>Header Files\RWDEngine</Filter>
    </ClInclude>
    <ClInclude Include="rwde_shader.h">
      <Filter>Header Files\RWDEngine</Filter>
    </ClInclude>
    <ClInclude Include="rwde_transform.h">
      <Filter>Header Files\RWDEngine</Filter>
    </ClInclude>
    <ClInclude Include="rw_ide.h">
      <Filter>Header Files\RenderWare</Filter>
    </ClInclude>
    <ClInclude Include="rw_ide_structure.h">
      <Filter>Header Files\RenderWare</Filter>
    </ClInclude>
  </ItemGroup>
  <ItemGroup>
    <ClCompile Include="stdafx.cpp">
      <Filter>Source Files</Filter>
    </ClCompile>
    <ClCompile Include="main.cpp">
      <Filter>Source Files</Filter>
    </ClCompile>
    <ClCompile Include="rw_dff.cpp">
      <Filter>Source Files\RenderWare</Filter>
    </ClCompile>
    <ClCompile Include="rw_file.cpp">
      <Filter>Source Files\RenderWare</Filter>
    </ClCompile>
    <ClCompile Include="rw_utils.cpp">
      <Filter>Source Files\RenderWare</Filter>
    </ClCompile>
    <ClCompile Include="rwde_window.cpp">
      <Filter>Source Files\RWDEngine</Filter>
    </ClCompile>
    <ClCompile Include="rwde_mesh.cpp">
      <Filter>Source Files\RWDEngine</Filter>
    </ClCompile>
    <ClCompile Include="rwde_shader.cpp">
      <Filter>Source Files\RWDEngine</Filter>
    </ClCompile>
  </ItemGroup>
  <ItemGroup>
    <None Include="basicShader.fs">
      <Filter>Shaders</Filter>
    </None>
    <None Include="basicShader.vs">
      <Filter>Shaders</Filter>
    </None>
  </ItemGroup>
</Project>